
Microsoft Visual Studio Solution File, Format Version 11.00
# Visual Studio 2010
Project("{FAE04EC0-301F-11D3-BF4B-00C04F79EFBC}") = "FightingMonster", "FightingMonster\FightingMonster\FightingMonster.csproj", "{75651B1A-C8EB-4DF6-A73A-08B078FFA1DE}"
EndProject
Project("{FAE04EC0-301F-11D3-BF4B-00C04F79EFBC}") = "FightingMonsterContent", "FightingMonster\FightingMonsterContent\FightingMonsterContent.contentproj", "{CEEA2F86-1884-4F81-8756-84A32D955B00}"
EndProject
Project("{FAE04EC0-301F-11D3-BF4B-00C04F79EFBC}") = "TSLibrary", "TSLibrary\TSLibrary.csproj", "{0F87B75B-C732-48B6-90FF-2B42A873023D}"
EndProject
Project("{2150E333-8FDC-42A3-9474-1A3956D46DE8}") = "Solution Items", "Solution Items", "{5DB256A3-86C9-49FC-9254-D35E9AB6B0B3}"
	ProjectSection(SolutionItems) = preProject
		FightingMonster.vsmdi = FightingMonster.vsmdi
		Local.testsettings = Local.testsettings
		TraceAndTestImpact.testsettings = TraceAndTestImpact.testsettings
	EndProjectSection
EndProject
Project("{FAE04EC0-301F-11D3-BF4B-00C04F79EFBC}") = "TSLibraryTest", "TSLibraryTest\TSLibraryTest.csproj", "{B5DE102E-E313-4A2D-AA3F-F542F6A2F108}"
EndProject
Global
	GlobalSection(TestCaseManagementSettings) = postSolution
		CategoryFile = FightingMonster.vsmdi
	EndGlobalSection
	GlobalSection(SolutionConfigurationPlatforms) = preSolution
		Debug|Any CPU = Debug|Any CPU
		Debug|Mixed Platforms = Debug|Mixed Platforms
		Debug|x86 = Debug|x86
		Release|Any CPU = Release|Any CPU
		Release|Mixed Platforms = Release|Mixed Platforms
		Release|x86 = Release|x86
	EndGlobalSection
	GlobalSection(ProjectConfigurationPlatforms) = postSolution
		{75651B1A-C8EB-4DF6-A73A-08B078FFA1DE}.Debug|Any CPU.ActiveCfg = Debug|x86
		{75651B1A-C8EB-4DF6-A73A-08B078FFA1DE}.Debug|Mixed Platforms.ActiveCfg = Debug|x86
		{75651B1A-C8EB-4DF6-A73A-08B078FFA1DE}.Debug|Mixed Platforms.Build.0 = Debug|x86
		{75651B1A-C8EB-4DF6-A73A-08B078FFA1DE}.Debug|x86.ActiveCfg = Debug|x86
		{75651B1A-C8EB-4DF6-A73A-08B078FFA1DE}.Debug|x86.Build.0 = Debug|x86
		{75651B1A-C8EB-4DF6-A73A-08B078FFA1DE}.Release|Any CPU.ActiveCfg = Release|x86
		{75651B1A-C8EB-4DF6-A73A-08B078FFA1DE}.Release|Mixed Platforms.ActiveCfg = Release|x86
		{75651B1A-C8EB-4DF6-A73A-08B078FFA1DE}.Release|Mixed Platforms.Build.0 = Release|x86
		{75651B1A-C8EB-4DF6-A73A-08B078FFA1DE}.Release|x86.ActiveCfg = Release|x86
		{75651B1A-C8EB-4DF6-A73A-08B078FFA1DE}.Release|x86.Build.0 = Release|x86
		{CEEA2F86-1884-4F81-8756-84A32D955B00}.Debug|Any CPU.ActiveCfg = Debug|x86
		{CEEA2F86-1884-4F81-8756-84A32D955B00}.Debug|Mixed Platforms.ActiveCfg = Debug|x86
		{CEEA2F86-1884-4F81-8756-84A32D955B00}.Debug|x86.ActiveCfg = Debug|x86
		{CEEA2F86-1884-4F81-8756-84A32D955B00}.Release|Any CPU.ActiveCfg = Release|x86
		{CEEA2F86-1884-4F81-8756-84A32D955B00}.Release|Mixed Platforms.ActiveCfg = Release|x86
		{CEEA2F86-1884-4F81-8756-84A32D955B00}.Release|x86.ActiveCfg = Release|x86
		{0F87B75B-C732-48B6-90FF-2B42A873023D}.Debug|Any CPU.ActiveCfg = Debug|x86
		{0F87B75B-C732-48B6-90FF-2B42A873023D}.Debug|Mixed Platforms.ActiveCfg = Debug|x86
		{0F87B75B-C732-48B6-90FF-2B42A873023D}.Debug|Mixed Platforms.Build.0 = Debug|x86
		{0F87B75B-C732-48B6-90FF-2B42A873023D}.Debug|x86.ActiveCfg = Debug|x86
		{0F87B75B-C732-48B6-90FF-2B42A873023D}.Debug|x86.Build.0 = Debug|x86
		{0F87B75B-C732-48B6-90FF-2B42A873023D}.Release|Any CPU.ActiveCfg = Release|x86
		{0F87B75B-C732-48B6-90FF-2B42A873023D}.Release|Mixed Platforms.ActiveCfg = Release|x86
		{0F87B75B-C732-48B6-90FF-2B42A873023D}.Release|Mixed Platforms.Build.0 = Release|x86
		{0F87B75B-C732-48B6-90FF-2B42A873023D}.Release|x86.ActiveCfg = Release|x86
		{0F87B75B-C732-48B6-90FF-2B42A873023D}.Release|x86.Build.0 = Release|x86
		{B5DE102E-E313-4A2D-AA3F-F542F6A2F108}.Debug|Any CPU.ActiveCfg = Debug|Any CPU
		{B5DE102E-E313-4A2D-AA3F-F542F6A2F108}.Debug|Any CPU.Build.0 = Debug|Any CPU
		{B5DE102E-E313-4A2D-AA3F-F542F6A2F108}.Debug|Mixed Platforms.ActiveCfg = Debug|Any CPU
		{B5DE102E-E313-4A2D-AA3F-F542F6A2F108}.Debug|Mixed Platforms.Build.0 = Debug|Any CPU
		{B5DE102E-E313-4A2D-AA3F-F542F6A2F108}.Debug|x86.ActiveCfg = Debug|Any CPU
		{B5DE102E-E313-4A2D-AA3F-F542F6A2F108}.Release|Any CPU.ActiveCfg = Release|Any CPU
		{B5DE102E-E313-4A2D-AA3F-F542F6A2F108}.Release|Any CPU.Build.0 = Release|Any CPU
		{B5DE102E-E313-4A2D-AA3F-F542F6A2F108}.Release|Mixed Platforms.ActiveCfg = Release|Any CPU
		{B5DE102E-E313-4A2D-AA3F-F542F6A2F108}.Release|Mixed Platforms.Build.0 = Release|Any CPU
		{B5DE102E-E313-4A2D-AA3F-F542F6A2F108}.Release|x86.ActiveCfg = Release|Any CPU
	EndGlobalSection
	GlobalSection(SolutionProperties) = preSolution
		HideSolutionNode = FALSE
	EndGlobalSection
EndGlobal
